
Microsoft Visual Studio Solution File, Format Version 12.00
# Visual Studio Version 17
VisualStudioVersion = 17.1.32328.378
MinimumVisualStudioVersion = 10.0.40219.1
Project("{FAE04EC0-301F-11D3-BF4B-00C04F79EFBC}") = "Inheritance", "Inheritance.csproj", "{E4C255EC-EDF0-4786-8837-613CC0A6F6EF}"
EndProject
Global
	GlobalSection(SolutionConfigurationPlatforms) = preSolution
		Debug|Any CPU = Debug|Any CPU
		Release|Any CPU = Release|Any CPU
	EndGlobalSection
	GlobalSection(ProjectConfigurationPlatforms) = postSolution
		{E4C255EC-EDF0-4786-8837-613CC0A6F6EF}.Debug|Any CPU.ActiveCfg = Debug|Any CPU
		{E4C255EC-EDF0-4786-8837-613CC0A6F6EF}.Debug|Any CPU.Build.0 = Debug|Any CPU
		{E4C255EC-EDF0-4786-8837-613CC0A6F6EF}.Release|Any CPU.ActiveCfg = Release|Any CPU
		{E4C255EC-EDF0-4786-8837-613CC0A6F6EF}.Release|Any CPU.Build.0 = Release|Any CPU
	EndGlobalSection
	GlobalSection(SolutionProperties) = preSolution
		HideSolutionNode = FALSE
	EndGlobalSection
	GlobalSection(ExtensibilityGlobals) = postSolution
		SolutionGuid = {0C08500D-12B4-4FC8-8F30-FF37F3765104}
	EndGlobalSection
EndGlobal
